PODS:
  - LLCommonTool (0.3.1):
    - MJExtension (= 3.0.16)
    - SDWebImage (~> 5.0)
  - MJExtension (3.0.16)
  - SDWebImage (5.0.4):
    - SDWebImage/Core (= 5.0.4)
  - SDWebImage/Core (5.0.4)

DEPENDENCIES:
  - LLCommonTool (from `../`)

SPEC REPOS:
  https://github.com/cocoapods/specs.git:
    - MJExtension
    - SDWebImage

EXTERNAL SOURCES:
  LLCommonTool:
    :path: "../"

SPEC CHECKSUMS:
  LLCommonTool: 72de00f50fabbaaa936b9420948fb62b96fbd876
  MJExtension: 54dbbf6ee728f1a88e9aad904353d007831c7847
  SDWebImage: c739016e4bdf0a4a1f9a04b5e0385395ad63a282

PODFILE CHECKSUM: a89a454c94cc0cc7d1ad1de21bdaa076c95d24bd

COCOAPODS: 1.6.1
